# This file is automatically @generated by Cargo.
# It is not intended for manual editing.
version = 3

[[package]]
name = "intignore"
version = "0.1.0"
dependencies = [
 "signal-hook",
]

[[package]]
name = "libc"
version = "0.2.135"
source = "registry+https://github.com/rust-lang/crates.io-index"
checksum = "68783febc7782c6c5cb401fbda4de5a9898be1762314da0bb2c10ced61f18b0c"

[[package]]
name = "signal-hook"
version = "0.3.14"
source = "registry+https://github.com/rust-lang/crates.io-index"
checksum = "a253b5e89e2698464fc26b545c9edceb338e18a89effeeecfea192c3025be29d"
dependencies = [
 "libc",
 "signal-hook-registry",
]

[[package]]
name = "signal-hook-registry"
version = "1.4.0"
source = "registry+https://github.com/rust-lang/crates.io-index"
checksum = "e51e73328dc4ac0c7ccbda3a494dfa03df1de2f46018127f60c693f2648455b0"
dependencies = [
 "libc",
]
